// !$*UTF8*$!
{
	archiveVersion = 1;
	classes = {
	};
	objectVersion = 56;
	objects = {

/* Begin PBXBuildFile section */
		BC86587C2AB82121008A0390 /* ClassPath.swift in Sources */ = {isa = PBXBuildFile; fileRef = BC86587B2AB82121008A0390 /* ClassPath.swift */; };
		BC86587E2AB82C7B008A0390 /* ClassPathEntry.swift in Sources */ = {isa = PBXBuildFile; fileRef = BC86587D2AB82C7B008A0390 /* ClassPathEntry.swift */; };
		BC8658812AB82D17008A0390 /* FileSystemClassPathEntry.swift in Sources */ = {isa = PBXBuildFile; fileRef = BC8658802AB82D17008A0390 /* FileSystemClassPathEntry.swift */; };
		BC8658832AB82D28008A0390 /* JarFileClassPathEntry.swift in Sources */ = {isa = PBXBuildFile; fileRef = BC8658822AB82D28008A0390 /* JarFileClassPathEntry.swift */; };
		BC8820032A7218F900CD7BB2 /* main.swift in Sources */ = {isa = PBXBuildFile; fileRef = BC8820022A7218F900CD7BB2 /* main.swift */; };
		BC88200B2A721CE200CD7BB2 /* ClassFile.swift in Sources */ = {isa = PBXBuildFile; fileRef = BC88200A2A721CE200CD7BB2 /* ClassFile.swift */; };
		BC88200D2A721D1500CD7BB2 /* ClassConstant.swift in Sources */ = {isa = PBXBuildFile; fileRef = BC88200C2A721D1500CD7BB2 /* ClassConstant.swift */; };
		BC88200F2A721D4E00CD7BB2 /* FieldInfo.swift in Sources */ = {isa = PBXBuildFile; fileRef = BC88200E2A721D4E00CD7BB2 /* FieldInfo.swift */; };
		BC8820112A721D7500CD7BB2 /* AttributeInfo.swift in Sources */ = {isa = PBXBuildFile; fileRef = BC8820102A721D7500CD7BB2 /* AttributeInfo.swift */; };
		BC8820132A721D9C00CD7BB2 /* Annotation.swift in Sources */ = {isa = PBXBuildFile; fileRef = BC8820122A721D9C00CD7BB2 /* Annotation.swift */; };
		BC8820152A721DC800CD7BB2 /* MethodInfo.swift in Sources */ = {isa = PBXBuildFile; fileRef = BC8820142A721DC800CD7BB2 /* MethodInfo.swift */; };
		BC8820172A721E5C00CD7BB2 /* StackMapTableAttribute.swift in Sources */ = {isa = PBXBuildFile; fileRef = BC8820162A721E5C00CD7BB2 /* StackMapTableAttribute.swift */; };
		BC8820192A7357A800CD7BB2 /* TypeAnnotation.swift in Sources */ = {isa = PBXBuildFile; fileRef = BC8820182A7357A800CD7BB2 /* TypeAnnotation.swift */; };
		BC8F667B2A7A415100F58D35 /* VM.swift in Sources */ = {isa = PBXBuildFile; fileRef = BC8F667A2A7A415100F58D35 /* VM.swift */; };
		BC8F667D2A7A419000F58D35 /* Thread.swift in Sources */ = {isa = PBXBuildFile; fileRef = BC8F667C2A7A419000F58D35 /* Thread.swift */; };
		BC8F667F2A7A41DE00F58D35 /* Frame.swift in Sources */ = {isa = PBXBuildFile; fileRef = BC8F667E2A7A41DE00F58D35 /* Frame.swift */; };
		BC8F66812A7A432700F58D35 /* Heap.swift in Sources */ = {isa = PBXBuildFile; fileRef = BC8F66802A7A432700F58D35 /* Heap.swift */; };
		BC8F66832A7A434400F58D35 /* Object.swift in Sources */ = {isa = PBXBuildFile; fileRef = BC8F66822A7A434400F58D35 /* Object.swift */; };
		BC8F66852A7A454700F58D35 /* LocalVariable.swift in Sources */ = {isa = PBXBuildFile; fileRef = BC8F66842A7A454700F58D35 /* LocalVariable.swift */; };
		BC8F66892A7C5CBC00F58D35 /* Field.swift in Sources */ = {isa = PBXBuildFile; fileRef = BC8F66882A7C5CBC00F58D35 /* Field.swift */; };
		BC8F668B2A7C705A00F58D35 /* FieldDescriptor.swift in Sources */ = {isa = PBXBuildFile; fileRef = BC8F668A2A7C705A00F58D35 /* FieldDescriptor.swift */; };
		BC8F668D2A7C7B9600F58D35 /* Class.swift in Sources */ = {isa = PBXBuildFile; fileRef = BC8F668C2A7C7B9600F58D35 /* Class.swift */; };
		BC8F668F2A7C7E8D00F58D35 /* Method.swift in Sources */ = {isa = PBXBuildFile; fileRef = BC8F668E2A7C7E8D00F58D35 /* Method.swift */; };
		BC8F66912A7C800000F58D35 /* ClassLoader.swift in Sources */ = {isa = PBXBuildFile; fileRef = BC8F66902A7C800000F58D35 /* ClassLoader.swift */; };
		BC8F66932A7C800100F58D35 /* ClassLoadError.swift in Sources */ = {isa = PBXBuildFile; fileRef = BC8F66922A7C800100F58D35 /* ClassLoadError.swift */; };
		BC8F66952A7C900000F58D35 /* ClassFileError.swift in Sources */ = {isa = PBXBuildFile; fileRef = BC8F66942A7C900000F58D35 /* ClassFileError.swift */; };
		BC9279D02F8D5B0F00923390 /* UInt8+Extensions.swift in Sources */ = {isa = PBXBuildFile; fileRef = BC9279CF2F8D5B0F00923390 /* UInt8+Extensions.swift */; };
		BC8F66942A7CE9FD00F58D35 /* BytecodeInstruction.swift in Sources */ = {isa = PBXBuildFile; fileRef = BC8F66932A7CE9FD00F58D35 /* BytecodeInstruction.swift */; };
		BC8F66962A7CF3CE00F58D35 /* Operand.swift in Sources */ = {isa = PBXBuildFile; fileRef = BC8F66952A7CF3CE00F58D35 /* Operand.swift */; };
		BC8F66982A7DA35600F58D35 /* Runtime.swift in Sources */ = {isa = PBXBuildFile; fileRef = BC8F66972A7DA35600F58D35 /* Runtime.swift */; };
		BC8F669A2A7DA7BE00F58D35 /* BootstrapLoader.swift in Sources */ = {isa = PBXBuildFile; fileRef = BC8F66992A7DA7BE00F58D35 /* BootstrapLoader.swift */; };
		BC8F669C2A7DA80C00F58D35 /* Loader.swift in Sources */ = {isa = PBXBuildFile; fileRef = BC8F669B2A7DA80C00F58D35 /* Loader.swift */; };
/* End PBXBuildFile section */

/* Begin PBXCopyFilesBuildPhase section */
		BC881FFD2A7218F800CD7BB2 /* CopyFiles */ = {
			isa = PBXCopyFilesBuildPhase;
			buildActionMask = 2147483647;
			dstPath = /usr/share/man/man1/;
			dstSubfolderSpec = 0;
			files = (
			);
			runOnlyForDeploymentPostprocessing = 1;
		};
/* End PBXCopyFilesBuildPhase section */

/* Begin PBXFileReference section */
		BC86587B2AB82121008A0390 /* ClassPath.swift */ = {isa = PBXFileReference; lastKnownFileType = sourcecode.swift; path = ClassPath.swift; sourceTree = "<group>"; };
		BC86587D2AB82C7B008A0390 /* ClassPathEntry.swift */ = {isa = PBXFileReference; lastKnownFileType = sourcecode.swift; path = ClassPathEntry.swift; sourceTree = "<group>"; };
		BC8658802AB82D17008A0390 /* FileSystemClassPathEntry.swift */ = {isa = PBXFileReference; lastKnownFileType = sourcecode.swift; path = FileSystemClassPathEntry.swift; sourceTree = "<group>"; };
		BC8658822AB82D28008A0390 /* JarFileClassPathEntry.swift */ = {isa = PBXFileReference; lastKnownFileType = sourcecode.swift; path = JarFileClassPathEntry.swift; sourceTree = "<group>"; };
		BC881FFF2A7218F800CD7BB2 /* swiftjvm */ = {isa = PBXFileReference; explicitFileType = "compiled.mach-o.executable"; includeInIndex = 0; path = swiftjvm; sourceTree = BUILT_PRODUCTS_DIR; };
		BC8820022A7218F900CD7BB2 /* main.swift */ = {isa = PBXFileReference; lastKnownFileType = sourcecode.swift; path = main.swift; sourceTree = "<group>"; };
		BC88200A2A721CE200CD7BB2 /* ClassFile.swift */ = {isa = PBXFileReference; lastKnownFileType = sourcecode.swift; path = ClassFile.swift; sourceTree = "<group>"; };
		BC88200C2A721D1500CD7BB2 /* ClassConstant.swift */ = {isa = PBXFileReference; lastKnownFileType = sourcecode.swift; path = ClassConstant.swift; sourceTree = "<group>"; };
		BC88200E2A721D4E00CD7BB2 /* FieldInfo.swift */ = {isa = PBXFileReference; lastKnownFileType = sourcecode.swift; path = FieldInfo.swift; sourceTree = "<group>"; };
		BC8820102A721D7500CD7BB2 /* AttributeInfo.swift */ = {isa = PBXFileReference; lastKnownFileType = sourcecode.swift; path = AttributeInfo.swift; sourceTree = "<group>"; };
		BC8820122A721D9C00CD7BB2 /* Annotation.swift */ = {isa = PBXFileReference; lastKnownFileType = sourcecode.swift; path = Annotation.swift; sourceTree = "<group>"; };
		BC8820142A721DC800CD7BB2 /* MethodInfo.swift */ = {isa = PBXFileReference; lastKnownFileType = sourcecode.swift; path = MethodInfo.swift; sourceTree = "<group>"; };
		BC8820162A721E5C00CD7BB2 /* StackMapTableAttribute.swift */ = {isa = PBXFileReference; lastKnownFileType = sourcecode.swift; path = StackMapTableAttribute.swift; sourceTree = "<group>"; };
		BC8820182A7357A800CD7BB2 /* TypeAnnotation.swift */ = {isa = PBXFileReference; lastKnownFileType = sourcecode.swift; path = TypeAnnotation.swift; sourceTree = "<group>"; };
		BC8F66752A78DDF600F58D35 /* Complex.java */ = {isa = PBXFileReference; lastKnownFileType = sourcecode.java; name = Complex.java; path = swiftjvm/Tests/Complex.java; sourceTree = SOURCE_ROOT; };
		BC8F66782A78E2FF00F58D35 /* Complex.class */ = {isa = PBXFileReference; lastKnownFileType = compiled.javaclass; path = Complex.class; sourceTree = "<group>"; };
		BC8F667A2A7A415100F58D35 /* VM.swift */ = {isa = PBXFileReference; lastKnownFileType = sourcecode.swift; path = VM.swift; sourceTree = "<group>"; };
		BC8F667C2A7A419000F58D35 /* Thread.swift */ = {isa = PBXFileReference; lastKnownFileType = sourcecode.swift; path = Thread.swift; sourceTree = "<group>"; };
		BC8F667E2A7A41DE00F58D35 /* Frame.swift */ = {isa = PBXFileReference; lastKnownFileType = sourcecode.swift; path = Frame.swift; sourceTree = "<group>"; };
		BC8F66802A7A432700F58D35 /* Heap.swift */ = {isa = PBXFileReference; lastKnownFileType = sourcecode.swift; path = Heap.swift; sourceTree = "<group>"; };
		BC8F66822A7A434400F58D35 /* Object.swift */ = {isa = PBXFileReference; lastKnownFileType = sourcecode.swift; path = Object.swift; sourceTree = "<group>"; };
		BC8F66842A7A454700F58D35 /* LocalVariable.swift */ = {isa = PBXFileReference; lastKnownFileType = sourcecode.swift; path = LocalVariable.swift; sourceTree = "<group>"; };
		BC8F66882A7C5CBC00F58D35 /* Field.swift */ = {isa = PBXFileReference; lastKnownFileType = sourcecode.swift; path = Field.swift; sourceTree = "<group>"; };
		BC8F668A2A7C705A00F58D35 /* FieldDescriptor.swift */ = {isa = PBXFileReference; lastKnownFileType = sourcecode.swift; path = FieldDescriptor.swift; sourceTree = "<group>"; };
		BC8F668C2A7C7B9600F58D35 /* Class.swift */ = {isa = PBXFileReference; lastKnownFileType = sourcecode.swift; path = Class.swift; sourceTree = "<group>"; };
		BC8F668E2A7C7E8D00F58D35 /* Method.swift */ = {isa = PBXFileReference; lastKnownFileType = sourcecode.swift; path = Method.swift; sourceTree = "<group>"; };
		BC8F66902A7C800000F58D35 /* ClassLoader.swift */ = {isa = PBXFileReference; lastKnownFileType = sourcecode.swift; path = ClassLoader.swift; sourceTree = "<group>"; };
		BC8F66922A7C800100F58D35 /* ClassLoadError.swift */ = {isa = PBXFileReference; lastKnownFileType = sourcecode.swift; path = ClassLoadError.swift; sourceTree = "<group>"; };
		BC8F66942A7C900000F58D35 /* ClassFileError.swift */ = {isa = PBXFileReference; lastKnownFileType = sourcecode.swift; path = ClassFileError.swift; sourceTree = "<group>"; };
		BC9279CF2F8D5B0F00923390 /* UInt8+Extensions.swift */ = {isa = PBXFileReference; lastKnownFileType = sourcecode.swift; path = "UInt8+Extensions.swift"; sourceTree = "<group>"; };
		BC8F66932A7CE9FD00F58D35 /* BytecodeInstruction.swift */ = {isa = PBXFileReference; lastKnownFileType = sourcecode.swift; path = BytecodeInstruction.swift; sourceTree = "<group>"; };
		BC8F66952A7CF3CE00F58D35 /* Operand.swift */ = {isa = PBXFileReference; lastKnownFileType = sourcecode.swift; path = Operand.swift; sourceTree = "<group>"; };
		BC8F66972A7DA35600F58D35 /* Runtime.swift */ = {isa = PBXFileReference; lastKnownFileType = sourcecode.swift; path = Runtime.swift; sourceTree = "<group>"; };
		BC8F66992A7DA7BE00F58D35 /* BootstrapLoader.swift */ = {isa = PBXFileReference; lastKnownFileType = sourcecode.swift; path = BootstrapLoader.swift; sourceTree = "<group>"; };
		BC8F669B2A7DA80C00F58D35 /* Loader.swift */ = {isa = PBXFileReference; lastKnownFileType = sourcecode.swift; path = Loader.swift; sourceTree = "<group>"; };
/* End PBXFileReference section */

/* Begin PBXFrameworksBuildPhase section */
		BC881FFC2A7218F800CD7BB2 /* Frameworks */ = {
			isa = PBXFrameworksBuildPhase;
			buildActionMask = 2147483647;
			files = (
			);
			runOnlyForDeploymentPostprocessing = 0;
		};
/* End PBXFrameworksBuildPhase section */

/* Begin PBXGroup section */
		BC86587F2AB82CE7008A0390 /* ClassPath */ = {
			isa = PBXGroup;
			children = (
				BC86587B2AB82121008A0390 /* ClassPath.swift */,
				BC86587D2AB82C7B008A0390 /* ClassPathEntry.swift */,
				BC8658802AB82D17008A0390 /* FileSystemClassPathEntry.swift */,
				BC8658822AB82D28008A0390 /* JarFileClassPathEntry.swift */,
			);
			path = ClassPath;
			sourceTree = "<group>";
		};
		BC881FF62A7218F800CD7BB2 = {
			isa = PBXGroup;
			children = (
				BC8820012A7218F900CD7BB2 /* swiftjvm */,
				BC8820002A7218F800CD7BB2 /* Products */,
			);
			sourceTree = "<group>";
		};
		BC8820002A7218F800CD7BB2 /* Products */ = {
			isa = PBXGroup;
			children = (
				BC881FFF2A7218F800CD7BB2 /* swiftjvm */,
			);
			name = Products;
			sourceTree = "<group>";
		};
		BC8820012A7218F900CD7BB2 /* swiftjvm */ = {
			isa = PBXGroup;
			children = (
				BC9279D12F8D5B3200923390 /* Extensions */,
				BC8F66792A7A40FE00F58D35 /* Runtime */,
				BC8820092A721CD000CD7BB2 /* ClassFile */,
				BC8F66772A78DE1300F58D35 /* Tests */,
				BC8820022A7218F900CD7BB2 /* main.swift */,
			);
			path = swiftjvm;
			sourceTree = "<group>";
		};
		BC8820092A721CD000CD7BB2 /* ClassFile */ = {
			isa = PBXGroup;
			children = (
				BC8820122A721D9C00CD7BB2 /* Annotation.swift */,
				BC8820102A721D7500CD7BB2 /* AttributeInfo.swift */,
				BC88200C2A721D1500CD7BB2 /* ClassConstant.swift */,
				BC88200A2A721CE200CD7BB2 /* ClassFile.swift */,
				BC8F66942A7C900000F58D35 /* ClassFileError.swift */,
				BC88200E2A721D4E00CD7BB2 /* FieldInfo.swift */,
				BC8820142A721DC800CD7BB2 /* MethodInfo.swift */,
				BC8820162A721E5C00CD7BB2 /* StackMapTableAttribute.swift */,
				BC8820182A7357A800CD7BB2 /* TypeAnnotation.swift */,
				BC8F668A2A7C705A00F58D35 /* FieldDescriptor.swift */,
			);
			path = ClassFile;
			sourceTree = "<group>";
		};
		BC8F66772A78DE1300F58D35 /* Tests */ = {
			isa = PBXGroup;
			children = (
				BC8F66782A78E2FF00F58D35 /* Complex.class */,
				BC8F66752A78DDF600F58D35 /* Complex.java */,
			);
			path = Tests;
			sourceTree = "<group>";
		};
		BC8F66792A7A40FE00F58D35 /* Runtime */ = {
			isa = PBXGroup;
			children = (
				BC86587F2AB82CE7008A0390 /* ClassPath */,
				BC8F667A2A7A415100F58D35 /* VM.swift */,
				BC8F667C2A7A419000F58D35 /* Thread.swift */,
				BC8F667E2A7A41DE00F58D35 /* Frame.swift */,
				BC8F66802A7A432700F58D35 /* Heap.swift */,
				BC8F66822A7A434400F58D35 /* Object.swift */,
				BC8F66842A7A454700F58D35 /* LocalVariable.swift */,
				BC8F66882A7C5CBC00F58D35 /* Field.swift */,
				BC8F668C2A7C7B9600F58D35 /* Class.swift */,
				BC8F668E2A7C7E8D00F58D35 /* Method.swift */,
				BC8F66902A7C800000F58D35 /* ClassLoader.swift */,
				BC8F66922A7C800100F58D35 /* ClassLoadError.swift */,
				BC8F66932A7CE9FD00F58D35 /* BytecodeInstruction.swift */,
				BC8F66952A7CF3CE00F58D35 /* Operand.swift */,
				BC8F66972A7DA35600F58D35 /* Runtime.swift */,
				BC8F66992A7DA7BE00F58D35 /* BootstrapLoader.swift */,
				BC8F669B2A7DA80C00F58D35 /* Loader.swift */,
			);
			path = Runtime;
			sourceTree = "<group>";
		};
		BC9279D12F8D5B3200923390 /* Extensions */ = {
			isa = PBXGroup;
			children = (
				BC9279CF2F8D5B0F00923390 /* UInt8+Extensions.swift */,
			);
			path = Extensions;
			sourceTree = "<group>";
		};
/* End PBXGroup section */

/* Begin PBXNativeTarget section */
		BC881FFE2A7218F800CD7BB2 /* swiftjvm */ = {
			isa = PBXNativeTarget;
			buildConfigurationList = BC8820062A7218F900CD7BB2 /* Build configuration list for PBXNativeTarget "swiftjvm" */;
			buildPhases = (
				BC881FFB2A7218F800CD7BB2 /* Sources */,
				BC881FFC2A7218F800CD7BB2 /* Frameworks */,
				BC881FFD2A7218F800CD7BB2 /* CopyFiles */,
			);
			buildRules = (
			);
			dependencies = (
			);
			name = swiftjvm;
			productName = swiftjvm;
			productReference = BC881FFF2A7218F800CD7BB2 /* swiftjvm */;
			productType = "com.apple.product-type.tool";
		};
/* End PBXNativeTarget section */

/* Begin PBXProject section */
		BC881FF72A7218F800CD7BB2 /* Project object */ = {
			isa = PBXProject;
			attributes = {
				BuildIndependentTargetsInParallel = 1;
				LastSwiftUpdateCheck = 1500;
				LastUpgradeCheck = 1500;
				TargetAttributes = {
					BC881FFE2A7218F800CD7BB2 = {
						CreatedOnToolsVersion = 15.0;
					};
				};
			};
			buildConfigurationList = BC881FFA2A7218F800CD7BB2 /* Build configuration list for PBXProject "swiftjvm" */;
			compatibilityVersion = "Xcode 14.0";
			developmentRegion = en;
			hasScannedForEncodings = 0;
			knownRegions = (
				en,
				Base,
			);
			mainGroup = BC881FF62A7218F800CD7BB2;
			productRefGroup = BC8820002A7218F800CD7BB2 /* Products */;
			projectDirPath = "";
			projectRoot = "";
			targets = (
				BC881FFE2A7218F800CD7BB2 /* swiftjvm */,
			);
		};
/* End PBXProject section */

/* Begin PBXSourcesBuildPhase section */
		BC881FFB2A7218F800CD7BB2 /* Sources */ = {
			isa = PBXSourcesBuildPhase;
			buildActionMask = 2147483647;
			files = (
				BC8F667F2A7A41DE00F58D35 /* Frame.swift in Sources */,
				BC8820152A721DC800CD7BB2 /* MethodInfo.swift in Sources */,
				BC8F667B2A7A415100F58D35 /* VM.swift in Sources */,
				BC8F66942A7CE9FD00F58D35 /* BytecodeInstruction.swift in Sources */,
				BC8658832AB82D28008A0390 /* JarFileClassPathEntry.swift in Sources */,
				BC8F668F2A7C7E8D00F58D35 /* Method.swift in Sources */,
				BC8820192A7357A800CD7BB2 /* TypeAnnotation.swift in Sources */,
				BC8F66982A7DA35600F58D35 /* Runtime.swift in Sources */,
				BC88200D2A721D1500CD7BB2 /* ClassConstant.swift in Sources */,
				BC8820112A721D7500CD7BB2 /* AttributeInfo.swift in Sources */,
				BC8F668D2A7C7B9600F58D35 /* Class.swift in Sources */,
				BC88200B2A721CE200CD7BB2 /* ClassFile.swift in Sources */,
				BC86587C2AB82121008A0390 /* ClassPath.swift in Sources */,
				BC8F667D2A7A419000F58D35 /* Thread.swift in Sources */,
				BC88200F2A721D4E00CD7BB2 /* FieldInfo.swift in Sources */,
				BC8658812AB82D17008A0390 /* FileSystemClassPathEntry.swift in Sources */,
				BC86587E2AB82C7B008A0390 /* ClassPathEntry.swift in Sources */,
				BC8F66962A7CF3CE00F58D35 /* Operand.swift in Sources */,
				BC8F669C2A7DA80C00F58D35 /* Loader.swift in Sources */,
				BC8F66832A7A434400F58D35 /* Object.swift in Sources */,
				BC9279D02F8D5B0F00923390 /* UInt8+Extensions.swift in Sources */,
				BC8820132A721D9C00CD7BB2 /* Annotation.swift in Sources */,
				BC8820032A7218F900CD7BB2 /* main.swift in Sources */,
				BC8F66892A7C5CBC00F58D35 /* Field.swift in Sources */,
				BC8F669A2A7DA7BE00F58D35 /* BootstrapLoader.swift in Sources */,
				BC8820172A721E5C00CD7BB2 /* StackMapTableAttribute.swift in Sources */,
				BC8F66812A7A432700F58D35 /* Heap.swift in Sources */,
				BC8F668B2A7C705A00F58D35 /* FieldDescriptor.swift in Sources */,
				BC8F66852A7A454700F58D35 /* LocalVariable.swift in Sources */,
				BC8F66912A7C800000F58D35 /* ClassLoader.swift in Sources */,
				BC8F66932A7C800100F58D35 /* ClassLoadError.swift in Sources */,
				BC8F66952A7C900000F58D35 /* ClassFileError.swift in Sources */,
			);
			runOnlyForDeploymentPostprocessing = 0;
		};
/* End PBXSourcesBuildPhase section */

/* Begin XCBuildConfiguration section */
		BC8820042A7218F900CD7BB2 /* Debug */ = {
			isa = XCBuildConfiguration;
			buildSettings = {
				ALWAYS_SEARCH_USER_PATHS = NO;
				ASSETCATALOG_COMPILER_GENERATE_SWIFT_ASSET_SYMBOL_EXTENSIONS = YES;
				CLANG_ANALYZER_NONNULL = YES;
				CLANG_ANALYZER_NUMBER_OBJECT_CONVERSION = YES_AGGRESSIVE;
				CLANG_CXX_LANGUAGE_STANDARD = "gnu++20";
				CLANG_ENABLE_MODULES = YES;
				CLANG_ENABLE_OBJC_ARC = YES;
				CLANG_ENABLE_OBJC_WEAK = YES;
				CLANG_WARN_BLOCK_CAPTURE_AUTORELEASING = YES;
				CLANG_WARN_BOOL_CONVERSION = YES;
				CLANG_WARN_COMMA = YES;
				CLANG_WARN_CONSTANT_CONVERSION = YES;
				CLANG_WARN_DEPRECATED_OBJC_IMPLEMENTATIONS = YES;
				CLANG_WARN_DIRECT_OBJC_ISA_USAGE = YES_ERROR;
				CLANG_WARN_DOCUMENTATION_COMMENTS = YES;
				CLANG_WARN_EMPTY_BODY = YES;
				CLANG_WARN_ENUM_CONVERSION = YES;
				CLANG_WARN_INFINITE_RECURSION = YES;
				CLANG_WARN_INT_CONVERSION = YES;
				CLANG_WARN_NON_LITERAL_NULL_CONVERSION = YES;
				CLANG_WARN_OBJC_IMPLICIT_RETAIN_SELF = YES;
				CLANG_WARN_OBJC_LITERAL_CONVERSION = YES;
				CLANG_WARN_OBJC_ROOT_CLASS = YES_ERROR;
				CLANG_WARN_QUOTED_INCLUDE_IN_FRAMEWORK_HEADER = YES;
				CLANG_WARN_RANGE_LOOP_ANALYSIS = YES;
				CLANG_WARN_STRICT_PROTOTYPES = YES;
				CLANG_WARN_SUSPICIOUS_MOVE = YES;
				CLANG_WARN_UNGUARDED_AVAILABILITY = YES_AGGRESSIVE;
				CLANG_WARN_UNREACHABLE_CODE = YES;
				CLANG_WARN__DUPLICATE_METHOD_MATCH = YES;
				COPY_PHASE_STRIP = NO;
				DEBUG_INFORMATION_FORMAT = dwarf;
				ENABLE_STRICT_OBJC_MSGSEND = YES;
				ENABLE_TESTABILITY = YES;
				ENABLE_USER_SCRIPT_SANDBOXING = YES;
				GCC_C_LANGUAGE_STANDARD = gnu17;
				GCC_DYNAMIC_NO_PIC = NO;
				GCC_NO_COMMON_BLOCKS = YES;
				GCC_OPTIMIZATION_LEVEL = 0;
				GCC_PREPROCESSOR_DEFINITIONS = (
					"DEBUG=1",
					"$(inherited)",
				);
				GCC_WARN_64_TO_32_BIT_CONVERSION = YES;
				GCC_WARN_ABOUT_RETURN_TYPE = YES_ERROR;
				GCC_WARN_UNDECLARED_SELECTOR = YES;
				GCC_WARN_UNINITIALIZED_AUTOS = YES_AGGRESSIVE;
				GCC_WARN_UNUSED_FUNCTION = YES;
				GCC_WARN_UNUSED_VARIABLE = YES;
				LOCALIZATION_PREFERS_STRING_CATALOGS = YES;
				MACOSX_DEPLOYMENT_TARGET = 13.5;
				MTL_ENABLE_DEBUG_INFO = INCLUDE_SOURCE;
				MTL_FAST_MATH = YES;
				ONLY_ACTIVE_ARCH = YES;
				SDKROOT = macosx;
				SWIFT_ACTIVE_COMPILATION_CONDITIONS = "DEBUG $(inherited)";
				SWIFT_OPTIMIZATION_LEVEL = "-Onone";
			};
			name = Debug;
		};
		BC8820052A7218F900CD7BB2 /* Release */ = {
			isa = XCBuildConfiguration;
			buildSettings = {
				ALWAYS_SEARCH_USER_PATHS = NO;
				ASSETCATALOG_COMPILER_GENERATE_SWIFT_ASSET_SYMBOL_EXTENSIONS = YES;
				CLANG_ANALYZER_NONNULL = YES;
				CLANG_ANALYZER_NUMBER_OBJECT_CONVERSION = YES_AGGRESSIVE;
				CLANG_CXX_LANGUAGE_STANDARD = "gnu++20";
				CLANG_ENABLE_MODULES = YES;
				CLANG_ENABLE_OBJC_ARC = YES;
				CLANG_ENABLE_OBJC_WEAK = YES;
				CLANG_WARN_BLOCK_CAPTURE_AUTORELEASING = YES;
				CLANG_WARN_BOOL_CONVERSION = YES;
				CLANG_WARN_COMMA = YES;
				CLANG_WARN_CONSTANT_CONVERSION = YES;
				CLANG_WARN_DEPRECATED_OBJC_IMPLEMENTATIONS = YES;
				CLANG_WARN_DIRECT_OBJC_ISA_USAGE = YES_ERROR;
				CLANG_WARN_DOCUMENTATION_COMMENTS = YES;
				CLANG_WARN_EMPTY_BODY = YES;
				CLANG_WARN_ENUM_CONVERSION = YES;
				CLANG_WARN_INFINITE_RECURSION = YES;
				CLANG_WARN_INT_CONVERSION = YES;
				CLANG_WARN_NON_LITERAL_NULL_CONVERSION = YES;
				CLANG_WARN_OBJC_IMPLICIT_RETAIN_SELF = YES;
				CLANG_WARN_OBJC_LITERAL_CONVERSION = YES;
				CLANG_WARN_OBJC_ROOT_CLASS = YES_ERROR;
				CLANG_WARN_QUOTED_INCLUDE_IN_FRAMEWORK_HEADER = YES;
				CLANG_WARN_RANGE_LOOP_ANALYSIS = YES;
				CLANG_WARN_STRICT_PROTOTYPES = YES;
				CLANG_WARN_SUSPICIOUS_MOVE = YES;
				CLANG_WARN_UNGUARDED_AVAILABILITY = YES_AGGRESSIVE;
				CLANG_WARN_UNREACHABLE_CODE = YES;
				CLANG_WARN__DUPLICATE_METHOD_MATCH = YES;
				COPY_PHASE_STRIP = NO;
				DEBUG_INFORMATION_FORMAT = "dwarf-with-dsym";
				ENABLE_NS_ASSERTIONS = NO;
				ENABLE_STRICT_OBJC_MSGSEND = YES;
				ENABLE_USER_SCRIPT_SANDBOXING = YES;
				GCC_C_LANGUAGE_STANDARD = gnu17;
				GCC_NO_COMMON_BLOCKS = YES;
				GCC_WARN_64_TO_32_BIT_CONVERSION = YES;
				GCC_WARN_ABOUT_RETURN_TYPE = YES_ERROR;
				GCC_WARN_UNDECLARED_SELECTOR = YES;
				GCC_WARN_UNINITIALIZED_AUTOS = YES_AGGRESSIVE;
				GCC_WARN_UNUSED_FUNCTION = YES;
				GCC_WARN_UNUSED_VARIABLE = YES;
				LOCALIZATION_PREFERS_STRING_CATALOGS = YES;
				MACOSX_DEPLOYMENT_TARGET = 13.5;
				MTL_ENABLE_DEBUG_INFO = NO;
				MTL_FAST_MATH = YES;
				SDKROOT = macosx;
				SWIFT_COMPILATION_MODE = wholemodule;
			};
			name = Release;
		};
		BC8820072A7218F900CD7BB2 /* Debug */ = {
			isa = XCBuildConfiguration;
			buildSettings = {
				CODE_SIGN_STYLE = Automatic;
				DEVELOPMENT_TEAM = W996AE7S2U;
				ENABLE_HARDENED_RUNTIME = YES;
				PRODUCT_NAME = "$(TARGET_NAME)";
				SWIFT_VERSION = 5.0;
			};
			name = Debug;
		};
		BC8820082A7218F900CD7BB2 /* Release */ = {
			isa = XCBuildConfiguration;
			buildSettings = {
				CODE_SIGN_STYLE = Automatic;
				DEVELOPMENT_TEAM = W996AE7S2U;
				ENABLE_HARDENED_RUNTIME = YES;
				PRODUCT_NAME = "$(TARGET_NAME)";
				SWIFT_VERSION = 5.0;
			};
			name = Release;
		};
/* End XCBuildConfiguration section */

/* Begin XCConfigurationList section */
		BC881FFA2A7218F800CD7BB2 /* Build configuration list for PBXProject "swiftjvm" */ = {
			isa = XCConfigurationList;
			buildConfigurations = (
				BC8820042A7218F900CD7BB2 /* Debug */,
				BC8820052A7218F900CD7BB2 /* Release */,
			);
			defaultConfigurationIsVisible = 0;
			defaultConfigurationName = Release;
		};
		BC8820062A7218F900CD7BB2 /* Build configuration list for PBXNativeTarget "swiftjvm" */ = {
			isa = XCConfigurationList;
			buildConfigurations = (
				BC8820072A7218F900CD7BB2 /* Debug */,
				BC8820082A7218F900CD7BB2 /* Release */,
			);
			defaultConfigurationIsVisible = 0;
			defaultConfigurationName = Release;
		};
/* End XCConfigurationList section */
	};
	rootObject = BC881FF72A7218F800CD7BB2 /* Project object */;
}
